// !$*UTF8*$!
{
	archiveVersion = 1;
	classes = {
	};
	objectVersion = 45;
	objects = {

/* Begin PBXBuildFile section */
		1D3623260D0F684500981E51 /* TwitterRushAppDelegate.m in Sources */ = {isa = PBXBuildFile; fileRef = 1D3623250D0F684500981E51 /* TwitterRushAppDelegate.m */; };
		1D60589B0D05DD56006BFB54 /* main.m in Sources */ = {isa = PBXBuildFile; fileRef = 29B97316FDCFA39411CA2CEA /* main.m */; };
		1D60589F0D05DD5A006BFB54 /* Foundation.framework in Frameworks */ = {isa = PBXBuildFile; fileRef = 1D30AB110D05D00D00671497 /* Foundation.framework */; };
		1DF5F4E00D08C38300B7A737 /* UIKit.framework in Frameworks */ = {isa = PBXBuildFile; fileRef = 1DF5F4DF0D08C38300B7A737 /* UIKit.framework */; };
		22C265FF133B82AD0063215A /* jQueryInject.txt in Resources */ = {isa = PBXBuildFile; fileRef = 22C265C5133B82AD0063215A /* jQueryInject.txt */; };
		22C26600133B82AD0063215A /* jQueryInjectLandscape.txt in Resources */ = {isa = PBXBuildFile; fileRef = 22C265C6133B82AD0063215A /* jQueryInjectLandscape.txt */; };
		22C26601133B82AD0063215A /* libOAuth.a in Frameworks */ = {isa = PBXBuildFile; fileRef = 22C265C7133B82AD0063215A /* libOAuth.a */; };
		22C26602133B82AD0063215A /* MGTwitterEngine.m in Sources */ = {isa = PBXBuildFile; fileRef = 22C265DA133B82AD0063215A /* MGTwitterEngine.m */; };
		22C26603133B82AD0063215A /* MGTwitterHTTPURLConnection.m in Sources */ = {isa = PBXBuildFile; fileRef = 22C265DE133B82AD0063215A /* MGTwitterHTTPURLConnection.m */; };
		22C26604133B82AD0063215A /* MGTwitterLibXMLParser.m in Sources */ = {isa = PBXBuildFile; fileRef = 22C265E0133B82AD0063215A /* MGTwitterLibXMLParser.m */; };
		22C26605133B82AD0063215A /* MGTwitterMessagesLibXMLParser.m in Sources */ = {isa = PBXBuildFile; fileRef = 22C265E2133B82AD0063215A /* MGTwitterMessagesLibXMLParser.m */; };
		22C26606133B82AD0063215A /* MGTwitterMessagesParser.m in Sources */ = {isa = PBXBuildFile; fileRef = 22C265E4133B82AD0063215A /* MGTwitterMessagesParser.m */; };
		22C26607133B82AD0063215A /* MGTwitterMiscLibXMLParser.m in Sources */ = {isa = PBXBuildFile; fileRef = 22C265E6133B82AD0063215A /* MGTwitterMiscLibXMLParser.m */; };
		22C26608133B82AD0063215A /* MGTwitterMiscParser.m in Sources */ = {isa = PBXBuildFile; fileRef = 22C265E8133B82AD0063215A /* MGTwitterMiscParser.m */; };
		22C26609133B82AD0063215A /* MGTwitterStatusesLibXMLParser.m in Sources */ = {isa = PBXBuildFile; fileRef = 22C265EC133B82AD0063215A /* MGTwitterStatusesLibXMLParser.m */; };
		22C2660A133B82AD0063215A /* MGTwitterStatusesParser.m in Sources */ = {isa = PBXBuildFile; fileRef = 22C265EE133B82AD0063215A /* MGTwitterStatusesParser.m */; };
		22C2660B133B82AD0063215A /* MGTwitterUsersLibXMLParser.m in Sources */ = {isa = PBXBuildFile; fileRef = 22C265F0133B82AD0063215A /* MGTwitterUsersLibXMLParser.m */; };
		22C2660C133B82AD0063215A /* MGTwitterUsersParser.m in Sources */ = {isa = PBXBuildFile; fileRef = 22C265F2133B82AD0063215A /* MGTwitterUsersParser.m */; };
		22C2660D133B82AD0063215A /* MGTwitterXMLParser.m in Sources */ = {isa = PBXBuildFile; fileRef = 22C265F4133B82AD0063215A /* MGTwitterXMLParser.m */; };
		22C2660E133B82AD0063215A /* NSData+Base64.m in Sources */ = {isa = PBXBuildFile; fileRef = 22C265F6133B82AD0063215A /* NSData+Base64.m */; };
		22C2660F133B82AD0063215A /* NSString+UUID.m in Sources */ = {isa = PBXBuildFile; fileRef = 22C265F8133B82AD0063215A /* NSString+UUID.m */; };
		22C26610133B82AD0063215A /* SA_OAuthTwitterController.m in Sources */ = {isa = PBXBuildFile; fileRef = 22C265FB133B82AD0063215A /* SA_OAuthTwitterController.m */; };
		22C26611133B82AD0063215A /* SA_OAuthTwitterEngine.m in Sources */ = {isa = PBXBuildFile; fileRef = 22C265FD133B82AD0063215A /* SA_OAuthTwitterEngine.m */; };
		22C26612133B82AD0063215A /* twitter_load.png in Resources */ = {isa = PBXBuildFile; fileRef = 22C265FE133B82AD0063215A /* twitter_load.png */; };
		22C26614133B83A30063215A /* libxml2.dylib in Frameworks */ = {isa = PBXBuildFile; fileRef = 22C26613133B83A30063215A /* libxml2.dylib */; };
		288765A50DF7441C002DB57D /* CoreGraphics.framework in Frameworks */ = {isa = PBXBuildFile; fileRef = 288765A40DF7441C002DB57D /* CoreGraphics.framework */; };
		2899E5220DE3E06400AC0155 /* TwitterRushViewController.xib in Resources */ = {isa = PBXBuildFile; fileRef = 2899E5210DE3E06400AC0155 /* TwitterRushViewController.xib */; };
		28D7ACF80DDB3853001CB0EB /* TwitterRushViewController.m in Sources */ = {isa = PBXBuildFile; fileRef = 28D7ACF70DDB3853001CB0EB /* TwitterRushViewController.m */; };
		91D10AC813B47E0300CA1338 /* TSyncListViewController.m in Sources */ = {isa = PBXBuildFile; fileRef = 91D10AC613B47E0300CA1338 /* TSyncListViewController.m */; };
		91D10AC913B47E0300CA1338 /* TSyncListViewController.xib in Resources */ = {isa = PBXBuildFile; fileRef = 91D10AC713B47E0300CA1338 /* TSyncListViewController.xib */; };
		91D10ACD13B47ED400CA1338 /* TSyncAppDeledate.m in Sources */ = {isa = PBXBuildFile; fileRef = 91D10ACC13B47ED400CA1338 /* TSyncAppDeledate.m */; };
		91D10ADC13B484E400CA1338 /* MainWindow.xib in Resources */ = {isa = PBXBuildFile; fileRef = 91D10ADB13B484E400CA1338 /* MainWindow.xib */; };
		91D10AF013B4A2F200CA1338 /* TSyncDetailViewController.m in Sources */ = {isa = PBXBuildFile; fileRef = 91D10AEE13B4A2F000CA1338 /* TSyncDetailViewController.m */; };
		91D10AF113B4A2F200CA1338 /* TSyncDetailViewController.xib in Resources */ = {isa = PBXBuildFile; fileRef = 91D10AEF13B4A2F100CA1338 /* TSyncDetailViewController.xib */; };
/* End PBXBuildFile section */

/* Begin PBXFileReference section */
		1D30AB110D05D00D00671497 /* Foundation.framework */ = {isa = PBXFileReference; lastKnownFileType = wrapper.framework; name = Foundation.framework; path = System/Library/Frameworks/Foundation.framework; sourceTree = SDKROOT; };
		1D3623240D0F684500981E51 /* TwitterRushAppDelegate.h */ = {isa = PBXFileReference; fileEncoding = 4; lastKnownFileType = sourcecode.c.h; path = TwitterRushAppDelegate.h; sourceTree = "<group>"; };
		1D3623250D0F684500981E51 /* TwitterRushAppDelegate.m */ = {isa = PBXFileReference; fileEncoding = 4; lastKnownFileType = sourcecode.c.objc; path = TwitterRushAppDelegate.m; sourceTree = "<group>"; };
		1D6058910D05DD3D006BFB54 /* TwitterRush.app */ = {isa = PBXFileReference; explicitFileType = wrapper.application; includeInIndex = 0; path = TwitterRush.app; sourceTree = BUILT_PRODUCTS_DIR; };
		1DF5F4DF0D08C38300B7A737 /* UIKit.framework */ = {isa = PBXFileReference; lastKnownFileType = wrapper.framework; name = UIKit.framework; path = System/Library/Frameworks/UIKit.framework; sourceTree = SDKROOT; };
		22C265C5133B82AD0063215A /* jQueryInject.txt */ = {isa = PBXFileReference; fileEncoding = 4; lastKnownFileType = text; path = jQueryInject.txt; sourceTree = "<group>"; };
		22C265C6133B82AD0063215A /* jQueryInjectLandscape.txt */ = {isa = PBXFileReference; fileEncoding = 4; lastKnownFileType = text; path = jQueryInjectLandscape.txt; sourceTree = "<group>"; };
		22C265C7133B82AD0063215A /* libOAuth.a */ = {isa = PBXFileReference; lastKnownFileType = archive.ar; path = libOAuth.a; sourceTree = "<group>"; };
		22C265C9133B82AD0063215A /* NSMutableURLRequest+Parameters.h */ = {isa = PBXFileReference; fileEncoding = 4; lastKnownFileType = sourcecode.c.h; path = "NSMutableURLRequest+Parameters.h"; sourceTree = "<group>"; };
		22C265CA133B82AD0063215A /* NSString+URLEncoding.h */ = {isa = PBXFileReference; fileEncoding = 4; lastKnownFileType = sourcecode.c.h; path = "NSString+URLEncoding.h"; sourceTree = "<group>"; };
		22C265CB133B82AD0063215A /* NSURL+Base.h */ = {isa = PBXFileReference; fileEncoding = 4; lastKnownFileType = sourcecode.c.h; path = "NSURL+Base.h"; sourceTree = "<group>"; };
		22C265CC133B82AD0063215A /* OAAsynchronousDataFetcher.h */ = {isa = PBXFileReference; fileEncoding = 4; lastKnownFileType = sourcecode.c.h; path = OAAsynchronousDataFetcher.h; sourceTree = "<group>"; };
		22C265CD133B82AD0063215A /* OAConsumer.h */ = {isa = PBXFileReference; fileEncoding = 4; lastKnownFileType = sourcecode.c.h; path = OAConsumer.h; sourceTree = "<group>"; };
		22C265CE133B82AD0063215A /* OADataFetcher.h */ = {isa = PBXFileReference; fileEncoding = 4; lastKnownFileType = sourcecode.c.h; path = OADataFetcher.h; sourceTree = "<group>"; };
		22C265CF133B82AD0063215A /* OAHMAC_SHA1SignatureProvider.h */ = {isa = PBXFileReference; fileEncoding = 4; lastKnownFileType = sourcecode.c.h; path = OAHMAC_SHA1SignatureProvider.h; sourceTree = "<group>"; };
		22C265D0133B82AD0063215A /* OAMutableURLRequest.h */ = {isa = PBXFileReference; fileEncoding = 4; lastKnownFileType = sourcecode.c.h; path = OAMutableURLRequest.h; sourceTree = "<group>"; };
		22C265D1133B82AD0063215A /* OAPlaintextSignatureProvider.h */ = {isa = PBXFileReference; fileEncoding = 4; lastKnownFileType = sourcecode.c.h; path = OAPlaintextSignatureProvider.h; sourceTree = "<group>"; };
		22C265D2133B82AD0063215A /* OARequestParameter.h */ = {isa = PBXFileReference; fileEncoding = 4; lastKnownFileType = sourcecode.c.h; path = OARequestParameter.h; sourceTree = "<group>"; };
		22C265D3133B82AD0063215A /* OAServiceTicket.h */ = {isa = PBXFileReference; fileEncoding = 4; lastKnownFileType = sourcecode.c.h; path = OAServiceTicket.h; sourceTree = "<group>"; };
		22C265D4133B82AD0063215A /* OASignatureProviding.h */ = {isa = PBXFileReference; fileEncoding = 4; lastKnownFileType = sourcecode.c.h; path = OASignatureProviding.h; sourceTree = "<group>"; };
		22C265D5133B82AD0063215A /* OAToken.h */ = {isa = PBXFileReference; fileEncoding = 4; lastKnownFileType = sourcecode.c.h; path = OAToken.h; sourceTree = "<group>"; };
		22C265D6133B82AD0063215A /* OAToken_KeychainExtensions.h */ = {isa = PBXFileReference; fileEncoding = 4; lastKnownFileType = sourcecode.c.h; path = OAToken_KeychainExtensions.h; sourceTree = "<group>"; };
		22C265D7133B82AD0063215A /* OAuthConsumer.h */ = {isa = PBXFileReference; fileEncoding = 4; lastKnownFileType = sourcecode.c.h; path = OAuthConsumer.h; sourceTree = "<group>"; };
		22C265D9133B82AD0063215A /* MGTwitterEngine.h */ = {isa = PBXFileReference; fileEncoding = 4; lastKnownFileType = sourcecode.c.h; path = MGTwitterEngine.h; sourceTree = "<group>"; };
		22C265DA133B82AD0063215A /* MGTwitterEngine.m */ = {isa = PBXFileReference; fileEncoding = 4; lastKnownFileType = sourcecode.c.objc; path = MGTwitterEngine.m; sourceTree = "<group>"; };
		22C265DB133B82AD0063215A /* MGTwitterEngineDelegate.h */ = {isa = PBXFileReference; fileEncoding = 4; lastKnownFileType = sourcecode.c.h; path = MGTwitterEngineDelegate.h; sourceTree = "<group>"; };
		22C265DC133B82AD0063215A /* MGTwitterEngineGlobalHeader.h */ = {isa = PBXFileReference; fileEncoding = 4; lastKnownFileType = sourcecode.c.h; path = MGTwitterEngineGlobalHeader.h; sourceTree = "<group>"; };
		22C265DD133B82AD0063215A /* MGTwitterHTTPURLConnection.h */ = {isa = PBXFileReference; fileEncoding = 4; lastKnownFileType = sourcecode.c.h; path = MGTwitterHTTPURLConnection.h; sourceTree = "<group>"; };
		22C265DE133B82AD0063215A /* MGTwitterHTTPURLConnection.m */ = {isa = PBXFileReference; fileEncoding = 4; lastKnownFileType = sourcecode.c.objc; path = MGTwitterHTTPURLConnection.m; sourceTree = "<group>"; };
		22C265DF133B82AD0063215A /* MGTwitterLibXMLParser.h */ = {isa = PBXFileReference; fileEncoding = 4; lastKnownFileType = sourcecode.c.h; path = MGTwitterLibXMLParser.h; sourceTree = "<group>"; };
		22C265E0133B82AD0063215A /* MGTwitterLibXMLParser.m */ = {isa = PBXFileReference; fileEncoding = 4; lastKnownFileType = sourcecode.c.objc; path = MGTwitterLibXMLParser.m; sourceTree = "<group>"; };
		22C265E1133B82AD0063215A /* MGTwitterMessagesLibXMLParser.h */ = {isa = PBXFileReference; fileEncoding = 4; lastKnownFileType = sourcecode.c.h; path = MGTwitterMessagesLibXMLParser.h; sourceTree = "<group>"; };
		22C265E2133B82AD0063215A /* MGTwitterMessagesLibXMLParser.m */ = {isa = PBXFileReference; fileEncoding = 4; lastKnownFileType = sourcecode.c.objc; path = MGTwitterMessagesLibXMLParser.m; sourceTree = "<group>"; };
		22C265E3133B82AD0063215A /* MGTwitterMessagesParser.h */ = {isa = PBXFileReference; fileEncoding = 4; lastKnownFileType = sourcecode.c.h; path = MGTwitterMessagesParser.h; sourceTree = "<group>"; };
		22C265E4133B82AD0063215A /* MGTwitterMessagesParser.m */ = {isa = PBXFileReference; fileEncoding = 4; lastKnownFileType = sourcecode.c.objc; path = MGTwitterMessagesParser.m; sourceTree = "<group>"; };
		22C265E5133B82AD0063215A /* MGTwitterMiscLibXMLParser.h */ = {isa = PBXFileReference; fileEncoding = 4; lastKnownFileType = sourcecode.c.h; path = MGTwitterMiscLibXMLParser.h; sourceTree = "<group>"; };
		22C265E6133B82AD0063215A /* MGTwitterMiscLibXMLParser.m */ = {isa = PBXFileReference; fileEncoding = 4; lastKnownFileType = sourcecode.c.objc; path = MGTwitterMiscLibXMLParser.m; sourceTree = "<group>"; };
		22C265E7133B82AD0063215A /* MGTwitterMiscParser.h */ = {isa = PBXFileReference; fileEncoding = 4; lastKnownFileType = sourcecode.c.h; path = MGTwitterMiscParser.h; sourceTree = "<group>"; };
		22C265E8133B82AD0063215A /* MGTwitterMiscParser.m */ = {isa = PBXFileReference; fileEncoding = 4; lastKnownFileType = sourcecode.c.objc; path = MGTwitterMiscParser.m; sourceTree = "<group>"; };
		22C265E9133B82AD0063215A /* MGTwitterParserDelegate.h */ = {isa = PBXFileReference; fileEncoding = 4; lastKnownFileType = sourcecode.c.h; path = MGTwitterParserDelegate.h; sourceTree = "<group>"; };
		22C265EA133B82AD0063215A /* MGTwitterRequestTypes.h */ = {isa = PBXFileReference; fileEncoding = 4; lastKnownFileType = sourcecode.c.h; path = MGTwitterRequestTypes.h; sourceTree = "<group>"; };
		22C265EB133B82AD0063215A /* MGTwitterStatusesLibXMLParser.h */ = {isa = PBXFileReference; fileEncoding = 4; lastKnownFileType = sourcecode.c.h; path = MGTwitterStatusesLibXMLParser.h; sourceTree = "<group>"; };
		22C265EC133B82AD0063215A /* MGTwitterStatusesLibXMLParser.m */ = {isa = PBXFileReference; fileEncoding = 4; lastKnownFileType = sourcecode.c.objc; path = MGTwitterStatusesLibXMLParser.m; sourceTree = "<group>"; };
		22C265ED133B82AD0063215A /* MGTwitterStatusesParser.h */ = {isa = PBXFileReference; fileEncoding = 4; lastKnownFileType = sourcecode.c.h; path = MGTwitterStatusesParser.h; sourceTree = "<group>"; };
		22C265EE133B82AD0063215A /* MGTwitterStatusesParser.m */ = {isa = PBXFileReference; fileEncoding = 4; lastKnownFileType = sourcecode.c.objc; path = MGTwitterStatusesParser.m; sourceTree = "<group>"; };
		22C265EF133B82AD0063215A /* MGTwitterUsersLibXMLParser.h */ = {isa = PBXFileReference; fileEncoding = 4; lastKnownFileType = sourcecode.c.h; path = MGTwitterUsersLibXMLParser.h; sourceTree = "<group>"; };
		22C265F0133B82AD0063215A /* MGTwitterUsersLibXMLParser.m */ = {isa = PBXFileReference; fileEncoding = 4; lastKnownFileType = sourcecode.c.objc; path = MGTwitterUsersLibXMLParser.m; sourceTree = "<group>"; };
		22C265F1133B82AD0063215A /* MGTwitterUsersParser.h */ = {isa = PBXFileReference; fileEncoding = 4; lastKnownFileType = sourcecode.c.h; path = MGTwitterUsersParser.h; sourceTree = "<group>"; };
		22C265F2133B82AD0063215A /* MGTwitterUsersParser.m */ = {isa = PBXFileReference; fileEncoding = 4; lastKnownFileType = sourcecode.c.objc; path = MGTwitterUsersParser.m; sourceTree = "<group>"; };
		22C265F3133B82AD0063215A /* MGTwitterXMLParser.h */ = {isa = PBXFileReference; fileEncoding = 4; lastKnownFileType = sourcecode.c.h; path = MGTwitterXMLParser.h; sourceTree = "<group>"; };
		22C265F4133B82AD0063215A /* MGTwitterXMLParser.m */ = {isa = PBXFileReference; fileEncoding = 4; lastKnownFileType = sourcecode.c.objc; path = MGTwitterXMLParser.m; sourceTree = "<group>"; };
		22C265F5133B82AD0063215A /* NSData+Base64.h */ = {isa = PBXFileReference; fileEncoding = 4; lastKnownFileType = sourcecode.c.h; path = "NSData+Base64.h"; sourceTree = "<group>"; };
		22C265F6133B82AD0063215A /* NSData+Base64.m */ = {isa = PBXFileReference; fileEncoding = 4; lastKnownFileType = sourcecode.c.objc; path = "NSData+Base64.m"; sourceTree = "<group>"; };
		22C265F7133B82AD0063215A /* NSString+UUID.h */ = {isa = PBXFileReference; fileEncoding = 4; lastKnownFileType = sourcecode.c.h; path = "NSString+UUID.h"; sourceTree = "<group>"; };
		22C265F8133B82AD0063215A /* NSString+UUID.m */ = {isa = PBXFileReference; fileEncoding = 4; lastKnownFileType = sourcecode.c.objc; path = "NSString+UUID.m"; sourceTree = "<group>"; };
		22C265FA133B82AD0063215A /* SA_OAuthTwitterController.h */ = {isa = PBXFileReference; fileEncoding = 4; lastKnownFileType = sourcecode.c.h; path = SA_OAuthTwitterController.h; sourceTree = "<group>"; };
		22C265FB133B82AD0063215A /* SA_OAuthTwitterController.m */ = {isa = PBXFileReference; fileEncoding = 4; lastKnownFileType = sourcecode.c.objc; path = SA_OAuthTwitterController.m; sourceTree = "<group>"; };
		22C265FC133B82AD0063215A /* SA_OAuthTwitterEngine.h */ = {isa = PBXFileReference; fileEncoding = 4; lastKnownFileType = sourcecode.c.h; path = SA_OAuthTwitterEngine.h; sourceTree = "<group>"; };
		22C265FD133B82AD0063215A /* SA_OAuthTwitterEngine.m */ = {isa = PBXFileReference; fileEncoding = 4; lastKnownFileType = sourcecode.c.objc; path = SA_OAuthTwitterEngine.m; sourceTree = "<group>"; };
		22C265FE133B82AD0063215A /* twitter_load.png */ = {isa = PBXFileReference; lastKnownFileType = image.png; path = twitter_load.png; sourceTree = "<group>"; };
		22C26613133B83A30063215A /* libxml2.dylib */ = {isa = PBXFileReference; lastKnownFileType = "compiled.mach-o.dylib"; name = libxml2.dylib; path = ../../../../../usr/lib/libxml2.dylib; sourceTree = "<group>"; };
		288765A40DF7441C002DB57D /* CoreGraphics.framework */ = {isa = PBXFileReference; lastKnownFileType = wrapper.framework; name = CoreGraphics.framework; path = System/Library/Frameworks/CoreGraphics.framework; sourceTree = SDKROOT; };
		2899E5210DE3E06400AC0155 /* TwitterRushViewController.xib */ = {isa = PBXFileReference; lastKnownFileType = file.xib; path = TwitterRushViewController.xib; sourceTree = "<group>"; };
		28D7ACF60DDB3853001CB0EB /* TwitterRushViewController.h */ = {isa = PBXFileReference; fileEncoding = 4; lastKnownFileType = sourcecode.c.h; path = TwitterRushViewController.h; sourceTree = "<group>"; };
		28D7ACF70DDB3853001CB0EB /* TwitterRushViewController.m */ = {isa = PBXFileReference; fileEncoding = 4; lastKnownFileType = sourcecode.c.objc; path = TwitterRushViewController.m; sourceTree = "<group>"; };
		29B97316FDCFA39411CA2CEA /* main.m */ = {isa = PBXFileReference; fileEncoding = 4; lastKnownFileType = sourcecode.c.objc; path = main.m; sourceTree = "<group>"; };
		32CA4F630368D1EE00C91783 /* TwitterRush_Prefix.pch */ = {isa = PBXFileReference; fileEncoding = 4; lastKnownFileType = sourcecode.c.h; path = TwitterRush_Prefix.pch; sourceTree = "<group>"; };
		8D1107310486CEB800E47090 /* TwitterRush-Info.plist */ = {isa = PBXFileReference; fileEncoding = 4; lastKnownFileType = text.plist.xml; path = "TwitterRush-Info.plist"; plistStructureDefinitionIdentifier = "com.apple.xcode.plist.structure-definition.iphone.info-plist"; sourceTree = "<group>"; };
		91D10AC513B47E0300CA1338 /* TSyncListViewController.h */ = {isa = PBXFileReference; fileEncoding = 4; lastKnownFileType = sourcecode.c.h; name = TSyncListViewController.h; path = "../../../../../../../Users/ljwthurston/Documents/ipk/TSync-TEST/TwitterRushCode/Classes/TSyncListViewController.h"; sourceTree = "<group>"; };
		91D10AC613B47E0300CA1338 /* TSyncListViewController.m */ = {isa = PBXFileReference; fileEncoding = 4; lastKnownFileType = sourcecode.c.objc; name = TSyncListViewController.m; path = "../../../../../../../Users/ljwthurston/Documents/ipk/TSync-TEST/TwitterRushCode/Classes/TSyncListViewController.m"; sourceTree = "<group>"; };
		91D10AC713B47E0300CA1338 /* TSyncListViewController.xib */ = {isa = PBXFileReference; fileEncoding = 4; lastKnownFileType = file.xib; name = TSyncListViewController.xib; path = "/Users/ljwthurston/Documents/ipk/TSync-TEST/TwitterRushCode/Classes/TSyncListViewController.xib"; sourceTree = "<absolute>"; };
		91D10ACB13B47ED400CA1338 /* TSyncAppDeledate.h */ = {isa = PBXFileReference; fileEncoding = 4; lastKnownFileType = sourcecode.c.h; name = TSyncAppDeledate.h; path = "../../../../../../../Users/ljwthurston/Documents/ipk/TSync-TEST/TwitterRushCode/Classes/TSyncAppDeledate.h"; sourceTree = "<group>"; };
		91D10ACC13B47ED400CA1338 /* TSyncAppDeledate.m */ = {isa = PBXFileReference; fileEncoding = 4; lastKnownFileType = sourcecode.c.objc; name = TSyncAppDeledate.m; path = "../../../../../../../Users/ljwthurston/Documents/ipk/TSync-TEST/TwitterRushCode/Classes/TSyncAppDeledate.m"; sourceTree = "<group>"; };
		91D10ADB13B484E400CA1338 /* MainWindow.xib */ = {isa = PBXFileReference; fileEncoding = 4; lastKnownFileType = file.xib; name = MainWindow.xib; path = "../../../../../../Users/ljwthurston/Documents/ipk/TSync-TEST/TwitterRushCode/MainWindow.xib"; sourceTree = "<group>"; };
		91D10AED13B4A2F000CA1338 /* TSyncDetailViewController.h */ = {isa = PBXFileReference; fileEncoding = 4; lastKnownFileType = sourcecode.c.h; name = TSyncDetailViewController.h; path = "../../../../../../../Users/ljwthurston/Documents/ipk/TSync-TEST/TwitterRushCode/Classes/TSyncDetailViewController.h"; sourceTree = "<group>"; };
		91D10AEE13B4A2F000CA1338 /* TSyncDetailViewController.m */ = {isa = PBXFileReference; fileEncoding = 4; lastKnownFileType = sourcecode.c.objc; name = TSyncDetailViewController.m; path = "../../../../../../../Users/ljwthurston/Documents/ipk/TSync-TEST/TwitterRushCode/Classes/TSyncDetailViewController.m"; sourceTree = "<group>"; };
		91D10AEF13B4A2F100CA1338 /* TSyncDetailViewController.xib */ = {isa = PBXFileReference; fileEncoding = 4; lastKnownFileType = file.xib; name = TSyncDetailViewController.xib; path = "/Users/ljwthurston/Documents/ipk/TSync-TEST/TwitterRushCode/Classes/TSyncDetailViewController.xib"; sourceTree = "<absolute>"; };
/* End PBXFileReference section */

/* Begin PBXFrameworksBuildPhase section */
		1D60588F0D05DD3D006BFB54 /* Frameworks */ = {
			isa = PBXFrameworksBuildPhase;
			buildActionMask = 2147483647;
			files = (
				22C26614133B83A30063215A /* libxml2.dylib in Frameworks */,
				1D60589F0D05DD5A006BFB54 /* Foundation.framework in Frameworks */,
				1DF5F4E00D08C38300B7A737 /* UIKit.framework in Frameworks */,
				288765A50DF7441C002DB57D /* CoreGraphics.framework in Frameworks */,
				22C26601133B82AD0063215A /* libOAuth.a in Frameworks */,
			);
			runOnlyForDeploymentPostprocessing = 0;
		};
/* End PBXFrameworksBuildPhase section */

/* Begin PBXGroup section */
		080E96DDFE201D6D7F000001 /* Classes */ = {
			isa = PBXGroup;
			children = (
				1D3623240D0F684500981E51 /* TwitterRushAppDelegate.h */,
				1D3623250D0F684500981E51 /* TwitterRushAppDelegate.m */,
				28D7ACF60DDB3853001CB0EB /* TwitterRushViewController.h */,
				28D7ACF70DDB3853001CB0EB /* TwitterRushViewController.m */,
				91D10AC513B47E0300CA1338 /* TSyncListViewController.h */,
				91D10AC613B47E0300CA1338 /* TSyncListViewController.m */,
				91D10ACB13B47ED400CA1338 /* TSyncAppDeledate.h */,
				91D10ACC13B47ED400CA1338 /* TSyncAppDeledate.m */,
				91D10AED13B4A2F000CA1338 /* TSyncDetailViewController.h */,
				91D10AEE13B4A2F000CA1338 /* TSyncDetailViewController.m */,
			);
			path = Classes;
			sourceTree = "<group>";
		};
		19C28FACFE9D520D11CA2CBB /* Products */ = {
			isa = PBXGroup;
			children = (
				1D6058910D05DD3D006BFB54 /* TwitterRush.app */,
			);
			name = Products;
			sourceTree = "<group>";
		};
		22C265C3133B82AD0063215A /* Twitter+OAuth */ = {
			isa = PBXGroup;
			children = (
				22C265C4133B82AD0063215A /* Libraries & Headers */,
				22C265D8133B82AD0063215A /* MGTwitterEngine */,
				22C265F9133B82AD0063215A /* SAOAuthTwitterEngine */,
			);
			path = "Twitter+OAuth";
			sourceTree = "<group>";
		};
		22C265C4133B82AD0063215A /* Libraries & Headers */ = {
			isa = PBXGroup;
			children = (
				22C265C5133B82AD0063215A /* jQueryInject.txt */,
				22C265C6133B82AD0063215A /* jQueryInjectLandscape.txt */,
				22C265C7133B82AD0063215A /* libOAuth.a */,
				22C265C8133B82AD0063215A /* OAuthConsumer */,
			);
			path = "Libraries & Headers";
			sourceTree = "<group>";
		};
		22C265C8133B82AD0063215A /* OAuthConsumer */ = {
			isa = PBXGroup;
			children = (
				22C265C9133B82AD0063215A /* NSMutableURLRequest+Parameters.h */,
				22C265CA133B82AD0063215A /* NSString+URLEncoding.h */,
				22C265CB133B82AD0063215A /* NSURL+Base.h */,
				22C265CC133B82AD0063215A /* OAAsynchronousDataFetcher.h */,
				22C265CD133B82AD0063215A /* OAConsumer.h */,
				22C265CE133B82AD0063215A /* OADataFetcher.h */,
				22C265CF133B82AD0063215A /* OAHMAC_SHA1SignatureProvider.h */,
				22C265D0133B82AD0063215A /* OAMutableURLRequest.h */,
				22C265D1133B82AD0063215A /* OAPlaintextSignatureProvider.h */,
				22C265D2133B82AD0063215A /* OARequestParameter.h */,
				22C265D3133B82AD0063215A /* OAServiceTicket.h */,
				22C265D4133B82AD0063215A /* OASignatureProviding.h */,
				22C265D5133B82AD0063215A /* OAToken.h */,
				22C265D6133B82AD0063215A /* OAToken_KeychainExtensions.h */,
				22C265D7133B82AD0063215A /* OAuthConsumer.h */,
			);
			path = OAuthConsumer;
			sourceTree = "<group>";
		};
		22C265D8133B82AD0063215A /* MGTwitterEngine */ = {
			isa = PBXGroup;
			children = (
				22C265D9133B82AD0063215A /* MGTwitterEngine.h */,
				22C265DA133B82AD0063215A /* MGTwitterEngine.m */,
				22C265DB133B82AD0063215A /* MGTwitterEngineDelegate.h */,
				22C265DC133B82AD0063215A /* MGTwitterEngineGlobalHeader.h */,
				22C265DD133B82AD0063215A /* MGTwitterHTTPURLConnection.h */,
				22C265DE133B82AD0063215A /* MGTwitterHTTPURLConnection.m */,
				22C265DF133B82AD0063215A /* MGTwitterLibXMLParser.h */,
				22C265E0133B82AD0063215A /* MGTwitterLibXMLParser.m */,
				22C265E1133B82AD0063215A /* MGTwitterMessagesLibXMLParser.h */,
				22C265E2133B82AD0063215A /* MGTwitterMessagesLibXMLParser.m */,
				22C265E3133B82AD0063215A /* MGTwitterMessagesParser.h */,
				22C265E4133B82AD0063215A /* MGTwitterMessagesParser.m */,
				22C265E5133B82AD0063215A /* MGTwitterMiscLibXMLParser.h */,
				22C265E6133B82AD0063215A /* MGTwitterMiscLibXMLParser.m */,
				22C265E7133B82AD0063215A /* MGTwitterMiscParser.h */,
				22C265E8133B82AD0063215A /* MGTwitterMiscParser.m */,
				22C265E9133B82AD0063215A /* MGTwitterParserDelegate.h */,
				22C265EA133B82AD0063215A /* MGTwitterRequestTypes.h */,
				22C265EB133B82AD0063215A /* MGTwitterStatusesLibXMLParser.h */,
				22C265EC133B82AD0063215A /* MGTwitterStatusesLibXMLParser.m */,
				22C265ED133B82AD0063215A /* MGTwitterStatusesParser.h */,
				22C265EE133B82AD0063215A /* MGTwitterStatusesParser.m */,
				22C265EF133B82AD0063215A /* MGTwitterUsersLibXMLParser.h */,
				22C265F0133B82AD0063215A /* MGTwitterUsersLibXMLParser.m */,
				22C265F1133B82AD0063215A /* MGTwitterUsersParser.h */,
				22C265F2133B82AD0063215A /* MGTwitterUsersParser.m */,
				22C265F3133B82AD0063215A /* MGTwitterXMLParser.h */,
				22C265F4133B82AD0063215A /* MGTwitterXMLParser.m */,
				22C265F5133B82AD0063215A /* NSData+Base64.h */,
				22C265F6133B82AD0063215A /* NSData+Base64.m */,
				22C265F7133B82AD0063215A /* NSString+UUID.h */,
				22C265F8133B82AD0063215A /* NSString+UUID.m */,
			);
			path = MGTwitterEngine;
			sourceTree = "<group>";
		};
		22C265F9133B82AD0063215A /* SAOAuthTwitterEngine */ = {
			isa = PBXGroup;
			children = (
				22C265FA133B82AD0063215A /* SA_OAuthTwitterController.h */,
				22C265FB133B82AD0063215A /* SA_OAuthTwitterController.m */,
				22C265FC133B82AD0063215A /* SA_OAuthTwitterEngine.h */,
				22C265FD133B82AD0063215A /* SA_OAuthTwitterEngine.m */,
				22C265FE133B82AD0063215A /* twitter_load.png */,
			);
			path = SAOAuthTwitterEngine;
			sourceTree = "<group>";
		};
		29B97314FDCFA39411CA2CEA /* CustomTemplate */ = {
			isa = PBXGroup;
			children = (
				22C26613133B83A30063215A /* libxml2.dylib */,
				080E96DDFE201D6D7F000001 /* Classes */,
				29B97315FDCFA39411CA2CEA /* Other Sources */,
				29B97317FDCFA39411CA2CEA /* Resources */,
				29B97323FDCFA39411CA2CEA /* Frameworks */,
				19C28FACFE9D520D11CA2CBB /* Products */,
			);
			name = CustomTemplate;
			sourceTree = "<group>";
		};
		29B97315FDCFA39411CA2CEA /* Other Sources */ = {
			isa = PBXGroup;
			children = (
				22C265C3133B82AD0063215A /* Twitter+OAuth */,
				32CA4F630368D1EE00C91783 /* TwitterRush_Prefix.pch */,
				29B97316FDCFA39411CA2CEA /* main.m */,
			);
			name = "Other Sources";
			sourceTree = "<group>";
		};
		29B97317FDCFA39411CA2CEA /* Resources */ = {
			isa = PBXGroup;
			children = (
				91D10AEF13B4A2F100CA1338 /* TSyncDetailViewController.xib */,
				91D10AC713B47E0300CA1338 /* TSyncListViewController.xib */,
				2899E5210DE3E06400AC0155 /* TwitterRushViewController.xib */,
				8D1107310486CEB800E47090 /* TwitterRush-Info.plist */,
				91D10ADB13B484E400CA1338 /* MainWindow.xib */,
			);
			name = Resources;
			sourceTree = "<group>";
		};
		29B97323FDCFA39411CA2CEA /* Frameworks */ = {
			isa = PBXGroup;
			children = (
				1DF5F4DF0D08C38300B7A737 /* UIKit.framework */,
				1D30AB110D05D00D00671497 /* Foundation.framework */,
				288765A40DF7441C002DB57D /* CoreGraphics.framework */,
			);
			name = Frameworks;
			sourceTree = "<group>";
		};
/* End PBXGroup section */

/* Begin PBXNativeTarget section */
		1D6058900D05DD3D006BFB54 /* TwitterRush */ = {
			isa = PBXNativeTarget;
			buildConfigurationList = 1D6058960D05DD3E006BFB54 /* Build configuration list for PBXNativeTarget "TwitterRush" */;
			buildPhases = (
				1D60588D0D05DD3D006BFB54 /* Resources */,
				1D60588E0D05DD3D006BFB54 /* Sources */,
				1D60588F0D05DD3D006BFB54 /* Frameworks */,
			);
			buildRules = (
			);
			dependencies = (
			);
			name = TwitterRush;
			productName = TwitterRush;
			productReference = 1D6058910D05DD3D006BFB54 /* TwitterRush.app */;
			productType = "com.apple.product-type.application";
		};
/* End PBXNativeTarget section */

/* Begin PBXProject section */
		29B97313FDCFA39411CA2CEA /* Project object */ = {
			isa = PBXProject;
			buildConfigurationList = C01FCF4E08A954540054247B /* Build configuration list for PBXProject "TwitterRush" */;
			compatibilityVersion = "Xcode 3.1";
			developmentRegion = English;
			hasScannedForEncodings = 1;
			knownRegions = (
				English,
				Japanese,
				French,
				German,
			);
			mainGroup = 29B97314FDCFA39411CA2CEA /* CustomTemplate */;
			projectDirPath = "";
			projectRoot = "";
			targets = (
				1D6058900D05DD3D006BFB54 /* TwitterRush */,
			);
		};
/* End PBXProject section */

/* Begin PBXResourcesBuildPhase section */
		1D60588D0D05DD3D006BFB54 /* Resources */ = {
			isa = PBXResourcesBuildPhase;
			buildActionMask = 2147483647;
			files = (
				2899E5220DE3E06400AC0155 /* TwitterRushViewController.xib in Resources */,
				22C265FF133B82AD0063215A /* jQueryInject.txt in Resources */,
				22C26600133B82AD0063215A /* jQueryInjectLandscape.txt in Resources */,
				22C26612133B82AD0063215A /* twitter_load.png in Resources */,
				91D10AC913B47E0300CA1338 /* TSyncListViewController.xib in Resources */,
				91D10ADC13B484E400CA1338 /* MainWindow.xib in Resources */,
				91D10AF113B4A2F200CA1338 /* TSyncDetailViewController.xib in Resources */,
			);
			runOnlyForDeploymentPostprocessing = 0;
		};
/* End PBXResourcesBuildPhase section */

/* Begin PBXSourcesBuildPhase section */
		1D60588E0D05DD3D006BFB54 /* Sources */ = {
			isa = PBXSourcesBuildPhase;
			buildActionMask = 2147483647;
			files = (
				1D60589B0D05DD56006BFB54 /* main.m in Sources */,
				1D3623260D0F684500981E51 /* TwitterRushAppDelegate.m in Sources */,
				28D7ACF80DDB3853001CB0EB /* TwitterRushViewController.m in Sources */,
				22C26602133B82AD0063215A /* MGTwitterEngine.m in Sources */,
				22C26603133B82AD0063215A /* MGTwitterHTTPURLConnection.m in Sources */,
				22C26604133B82AD0063215A /* MGTwitterLibXMLParser.m in Sources */,
				22C26605133B82AD0063215A /* MGTwitterMessagesLibXMLParser.m in Sources */,
				22C26606133B82AD0063215A /* MGTwitterMessagesParser.m in Sources */,
				22C26607133B82AD0063215A /* MGTwitterMiscLibXMLParser.m in Sources */,
				22C26608133B82AD0063215A /* MGTwitterMiscParser.m in Sources */,
				22C26609133B82AD0063215A /* MGTwitterStatusesLibXMLParser.m in Sources */,
				22C2660A133B82AD0063215A /* MGTwitterStatusesParser.m in Sources */,
				22C2660B133B82AD0063215A /* MGTwitterUsersLibXMLParser.m in Sources */,
				22C2660C133B82AD0063215A /* MGTwitterUsersParser.m in Sources */,
				22C2660D133B82AD0063215A /* MGTwitterXMLParser.m in Sources */,
				22C2660E133B82AD0063215A /* NSData+Base64.m in Sources */,
				22C2660F133B82AD0063215A /* NSString+UUID.m in Sources */,
				22C26610133B82AD0063215A /* SA_OAuthTwitterController.m in Sources */,
				22C26611133B82AD0063215A /* SA_OAuthTwitterEngine.m in Sources */,
				91D10AC813B47E0300CA1338 /* TSyncListViewController.m in Sources */,
				91D10ACD13B47ED400CA1338 /* TSyncAppDeledate.m in Sources */,
				91D10AF013B4A2F200CA1338 /* TSyncDetailViewController.m in Sources */,
			);
			runOnlyForDeploymentPostprocessing = 0;
		};
/* End PBXSourcesBuildPhase section */

/* Begin XCBuildConfiguration section */
		1D6058940D05DD3E006BFB54 /* Debug */ = {
			isa = XCBuildConfiguration;
			buildSettings = {
				ALWAYS_SEARCH_USER_PATHS = NO;
				COPY_PHASE_STRIP = NO;
				GCC_DYNAMIC_NO_PIC = NO;
				GCC_OPTIMIZATION_LEVEL = 0;
				GCC_PRECOMPILE_PREFIX_HEADER = YES;
				GCC_PREFIX_HEADER = TwitterRush_Prefix.pch;
				INFOPLIST_FILE = "TwitterRush-Info.plist";
				LIBRARY_SEARCH_PATHS = (
					"$(inherited)",
					"\"$(SRCROOT)/Twitter+OAuth/Libraries & Headers\"",
				);
				PRODUCT_NAME = TwitterRush;
				SDKROOT = iphoneos4.3;
			};
			name = Debug;
		};
		1D6058950D05DD3E006BFB54 /* Release */ = {
			isa = XCBuildConfiguration;
			buildSettings = {
				ALWAYS_SEARCH_USER_PATHS = NO;
				COPY_PHASE_STRIP = YES;
				GCC_PRECOMPILE_PREFIX_HEADER = YES;
				GCC_PREFIX_HEADER = TwitterRush_Prefix.pch;
				INFOPLIST_FILE = "TwitterRush-Info.plist";
				LIBRARY_SEARCH_PATHS = (
					"$(inherited)",
					"\"$(SRCROOT)/Twitter+OAuth/Libraries & Headers\"",
				);
				PRODUCT_NAME = TwitterRush;
				SDKROOT = iphoneos4.3;
				VALIDATE_PRODUCT = YES;
			};
			name = Release;
		};
		C01FCF4F08A954540054247B /* Debug */ = {
			isa = XCBuildConfiguration;
			buildSettings = {
				ARCHS = "$(ARCHS_STANDARD_32_BIT)";
				"CODE_SIGN_IDENTITY[sdk=iphoneos*]" = "iPhone Developer";
				GCC_C_LANGUAGE_STANDARD = c99;
				GCC_WARN_ABOUT_RETURN_TYPE = YES;
				GCC_WARN_UNUSED_VARIABLE = YES;
				HEADER_SEARCH_PATHS = "$(SDKROOT)/usr/include/libxml2";
				IPHONEOS_DEPLOYMENT_TARGET = 4.0;
				PREBINDING = NO;
				SDKROOT = iphoneos4.1;
			};
			name = Debug;
		};
		C01FCF5008A954540054247B /* Release */ = {
			isa = XCBuildConfiguration;
			buildSettings = {
				ARCHS = "$(ARCHS_STANDARD_32_BIT)";
				"CODE_SIGN_IDENTITY[sdk=iphoneos*]" = "iPhone Developer";
				GCC_C_LANGUAGE_STANDARD = c99;
				GCC_WARN_ABOUT_RETURN_TYPE = YES;
				GCC_WARN_UNUSED_VARIABLE = YES;
				HEADER_SEARCH_PATHS = "$(SDKROOT)/usr/include/libxml2";
				IPHONEOS_DEPLOYMENT_TARGET = 4.0;
				OTHER_CFLAGS = "-DNS_BLOCK_ASSERTIONS=1";
				PREBINDING = NO;
				SDKROOT = iphoneos4.1;
			};
			name = Release;
		};
/* End XCBuildConfiguration section */

/* Begin XCConfigurationList section */
		1D6058960D05DD3E006BFB54 /* Build configuration list for PBXNativeTarget "TwitterRush" */ = {
			isa = XCConfigurationList;
			buildConfigurations = (
				1D6058940D05DD3E006BFB54 /* Debug */,
				1D6058950D05DD3E006BFB54 /* Release */,
			);
			defaultConfigurationIsVisible = 0;
			defaultConfigurationName = Release;
		};
		C01FCF4E08A954540054247B /* Build configuration list for PBXProject "TwitterRush" */ = {
			isa = XCConfigurationList;
			buildConfigurations = (
				C01FCF4F08A954540054247B /* Debug */,
				C01FCF5008A954540054247B /* Release */,
			);
			defaultConfigurationIsVisible = 0;
			defaultConfigurationName = Release;
		};
/* End XCConfigurationList section */
	};
	rootObject = 29B97313FDCFA39411CA2CEA /* Project object */;
}
